
Microsoft Visual Studio Solution File, Format Version 12.00
# Visual Studio 15
VisualStudioVersion = 15.0.27130.2024
MinimumVisualStudioVersion = 10.0.40219.1
Project("{FAE04EC0-301F-11D3-BF4B-00C04F79EFBC}") = "Class2Prep2", "Class2Prep2\Class2Prep2.csproj", "{D2782833-96C8-4112-8D3C-5C40C648A89E}"
EndProject
Global
	GlobalSection(SolutionConfigurationPlatforms) = preSolution
		Debug|Any CPU = Debug|Any CPU
		Release|Any CPU = Release|Any CPU
	EndGlobalSection
	GlobalSection(ProjectConfigurationPlatforms) = postSolution
		{D2782833-96C8-4112-8D3C-5C40C648A89E}.Debug|Any CPU.ActiveCfg = Debug|Any CPU
		{D2782833-96C8-4112-8D3C-5C40C648A89E}.Debug|Any CPU.Build.0 = Debug|Any CPU
		{D2782833-96C8-4112-8D3C-5C40C648A89E}.Release|Any CPU.ActiveCfg = Release|Any CPU
		{D2782833-96C8-4112-8D3C-5C40C648A89E}.Release|Any CPU.Build.0 = Release|Any CPU
	EndGlobalSection
	GlobalSection(SolutionProperties) = preSolution
		HideSolutionNode = FALSE
	EndGlobalSection
	GlobalSection(ExtensibilityGlobals) = postSolution
		SolutionGuid = {BC018F77-B08D-4356-8C1A-A50613E7E644}
	EndGlobalSection
EndGlobal
